// !$*UTF8*$!
{
	archiveVersion = 1;
	classes = {
	};
	objectVersion = 56;
	objects = {

/* Begin PBXBuildFile section */
		B56D3D872ACD16EE00BA04CF /* UIViewController+Utils.swift in Sources */ = {isa = PBXBuildFile; fileRef = B56D3D862ACD16EE00BA04CF /* UIViewController+Utils.swift */; };
		B56D3D892ACD18BC00BA04CF /* MainViewController.swift in Sources */ = {isa = PBXBuildFile; fileRef = B56D3D882ACD18BC00BA04CF /* MainViewController.swift */; };
		B56D3D8C2ACD19BA00BA04CF /* AccountSummaryViewController.swift in Sources */ = {isa = PBXBuildFile; fileRef = B56D3D8B2ACD19BA00BA04CF /* AccountSummaryViewController.swift */; };
		B56D3D8E2ACD19C800BA04CF /* MoveMoneyViewController.swift in Sources */ = {isa = PBXBuildFile; fileRef = B56D3D8D2ACD19C800BA04CF /* MoveMoneyViewController.swift */; };
		B56D3D902ACD19D300BA04CF /* MoreViewController.swift in Sources */ = {isa = PBXBuildFile; fileRef = B56D3D8F2ACD19D300BA04CF /* MoreViewController.swift */; };
		B57CCEE22ACF0B7100BEC68C /* AccountSummaryCell.swift in Sources */ = {isa = PBXBuildFile; fileRef = B57CCEE12ACF0B7100BEC68C /* AccountSummaryCell.swift */; };
		B57CCEE42ACFC17A00BEC68C /* DecimalUtils.swift in Sources */ = {isa = PBXBuildFile; fileRef = B57CCEE32ACFC17A00BEC68C /* DecimalUtils.swift */; };
		B57CCEE62ACFC26100BEC68C /* CurrentFormatter.swift in Sources */ = {isa = PBXBuildFile; fileRef = B57CCEE52ACFC26100BEC68C /* CurrentFormatter.swift */; };
		B57CCEF52ACFF48700BEC68C /* CurrencyFormatterTest.swift in Sources */ = {isa = PBXBuildFile; fileRef = B57CCEF42ACFF48700BEC68C /* CurrencyFormatterTest.swift */; };
		B58102392AC29D900048F27A /* AppDelegate.swift in Sources */ = {isa = PBXBuildFile; fileRef = B58102382AC29D900048F27A /* AppDelegate.swift */; };
		B581023B2AC29D900048F27A /* SceneDelegate.swift in Sources */ = {isa = PBXBuildFile; fileRef = B581023A2AC29D900048F27A /* SceneDelegate.swift */; };
		B581023D2AC29D900048F27A /* LoginViewController.swift in Sources */ = {isa = PBXBuildFile; fileRef = B581023C2AC29D900048F27A /* LoginViewController.swift */; };
		B58102422AC29D920048F27A /* Assets.xcassets in Resources */ = {isa = PBXBuildFile; fileRef = B58102412AC29D920048F27A /* Assets.xcassets */; };
		B58102452AC29D920048F27A /* LaunchScreen.storyboard in Resources */ = {isa = PBXBuildFile; fileRef = B58102432AC29D920048F27A /* LaunchScreen.storyboard */; };
		B581024F2AC2B7380048F27A /* LoginView.swift in Sources */ = {isa = PBXBuildFile; fileRef = B581024E2AC2B7380048F27A /* LoginView.swift */; };
		B58102522AC3DCCC0048F27A /* OnBoardingContainerViewController.swift in Sources */ = {isa = PBXBuildFile; fileRef = B58102512AC3DCCC0048F27A /* OnBoardingContainerViewController.swift */; };
		B58102542AC40C7F0048F27A /* OnBoardingViewController.swift in Sources */ = {isa = PBXBuildFile; fileRef = B58102532AC40C7F0048F27A /* OnBoardingViewController.swift */; };
		B581025F2ACBCCC50048F27A /* DummyViewController.swift in Sources */ = {isa = PBXBuildFile; fileRef = B581025E2ACBCCC50048F27A /* DummyViewController.swift */; };
		B58102622ACBE8D10048F27A /* LocalState.swift in Sources */ = {isa = PBXBuildFile; fileRef = B58102612ACBE8D10048F27A /* LocalState.swift */; };
		B5B9DF722ACEA46200896CC3 /* AccountSummaryHeaderView.swift in Sources */ = {isa = PBXBuildFile; fileRef = B5B9DF712ACEA46200896CC3 /* AccountSummaryHeaderView.swift */; };
		B5B9DF742ACEA4C900896CC3 /* AccountSummaryHeaderView.xib in Resources */ = {isa = PBXBuildFile; fileRef = B5B9DF732ACEA4C900896CC3 /* AccountSummaryHeaderView.xib */; };
/* End PBXBuildFile section */

/* Begin PBXContainerItemProxy section */
		B57CCEEF2ACFF21E00BEC68C /* PBXContainerItemProxy */ = {
			isa = PBXContainerItemProxy;
			containerPortal = B581022D2AC29D900048F27A /* Project object */;
			proxyType = 1;
			remoteGlobalIDString = B58102342AC29D900048F27A;
			remoteInfo = Bankey;
		};
/* End PBXContainerItemProxy section */

/* Begin PBXFileReference section */
		B56D3D862ACD16EE00BA04CF /* UIViewController+Utils.swift */ = {isa = PBXFileReference; lastKnownFileType = sourcecode.swift; path = "UIViewController+Utils.swift"; sourceTree = "<group>"; };
		B56D3D882ACD18BC00BA04CF /* MainViewController.swift */ = {isa = PBXFileReference; lastKnownFileType = sourcecode.swift; path = MainViewController.swift; sourceTree = "<group>"; };
		B56D3D8B2ACD19BA00BA04CF /* AccountSummaryViewController.swift */ = {isa = PBXFileReference; lastKnownFileType = sourcecode.swift; path = AccountSummaryViewController.swift; sourceTree = "<group>"; };
		B56D3D8D2ACD19C800BA04CF /* MoveMoneyViewController.swift */ = {isa = PBXFileReference; lastKnownFileType = sourcecode.swift; path = MoveMoneyViewController.swift; sourceTree = "<group>"; };
		B56D3D8F2ACD19D300BA04CF /* MoreViewController.swift */ = {isa = PBXFileReference; lastKnownFileType = sourcecode.swift; path = MoreViewController.swift; sourceTree = "<group>"; };
		B57CCEE12ACF0B7100BEC68C /* AccountSummaryCell.swift */ = {isa = PBXFileReference; lastKnownFileType = sourcecode.swift; path = AccountSummaryCell.swift; sourceTree = "<group>"; };
		B57CCEE32ACFC17A00BEC68C /* DecimalUtils.swift */ = {isa = PBXFileReference; lastKnownFileType = sourcecode.swift; path = DecimalUtils.swift; sourceTree = "<group>"; };
		B57CCEE52ACFC26100BEC68C /* CurrentFormatter.swift */ = {isa = PBXFileReference; lastKnownFileType = sourcecode.swift; path = CurrentFormatter.swift; sourceTree = "<group>"; };
		B57CCEEB2ACFF21E00BEC68C /* BankeyUnitTests.xctest */ = {isa = PBXFileReference; explicitFileType = wrapper.cfbundle; includeInIndex = 0; path = BankeyUnitTests.xctest; sourceTree = BUILT_PRODUCTS_DIR; };
		B57CCEF42ACFF48700BEC68C /* CurrencyFormatterTest.swift */ = {isa = PBXFileReference; lastKnownFileType = sourcecode.swift; path = CurrencyFormatterTest.swift; sourceTree = "<group>"; };
		B58102352AC29D900048F27A /* Bankey.app */ = {isa = PBXFileReference; explicitFileType = wrapper.application; includeInIndex = 0; path = Bankey.app; sourceTree = BUILT_PRODUCTS_DIR; };
		B58102382AC29D900048F27A /* AppDelegate.swift */ = {isa = PBXFileReference; lastKnownFileType = sourcecode.swift; path = AppDelegate.swift; sourceTree = "<group>"; };
		B581023A2AC29D900048F27A /* SceneDelegate.swift */ = {isa = PBXFileReference; lastKnownFileType = sourcecode.swift; path = SceneDelegate.swift; sourceTree = "<group>"; };
		B581023C2AC29D900048F27A /* LoginViewController.swift */ = {isa = PBXFileReference; lastKnownFileType = sourcecode.swift; path = LoginViewController.swift; sourceTree = "<group>"; };
		B58102412AC29D920048F27A /* Assets.xcassets */ = {isa = PBXFileReference; lastKnownFileType = folder.assetcatalog; path = Assets.xcassets; sourceTree = "<group>"; };
		B58102442AC29D920048F27A /* Base */ = {isa = PBXFileReference; lastKnownFileType = file.storyboard; name = Base; path = Base.lproj/LaunchScreen.storyboard; sourceTree = "<group>"; };
		B58102462AC29D920048F27A /* Info.plist */ = {isa = PBXFileReference; lastKnownFileType = text.plist.xml; path = Info.plist; sourceTree = "<group>"; };
		B581024E2AC2B7380048F27A /* LoginView.swift */ = {isa = PBXFileReference; lastKnownFileType = sourcecode.swift; path = LoginView.swift; sourceTree = "<group>"; };
		B58102512AC3DCCC0048F27A /* OnBoardingContainerViewController.swift */ = {isa = PBXFileReference; lastKnownFileType = sourcecode.swift; path = OnBoardingContainerViewController.swift; sourceTree = "<group>"; };
		B58102532AC40C7F0048F27A /* OnBoardingViewController.swift */ = {isa = PBXFileReference; lastKnownFileType = sourcecode.swift; path = OnBoardingViewController.swift; sourceTree = "<group>"; };
		B581025E2ACBCCC50048F27A /* DummyViewController.swift */ = {isa = PBXFileReference; lastKnownFileType = sourcecode.swift; path = DummyViewController.swift; sourceTree = "<group>"; };
		B58102612ACBE8D10048F27A /* LocalState.swift */ = {isa = PBXFileReference; lastKnownFileType = sourcecode.swift; path = LocalState.swift; sourceTree = "<group>"; };
		B5B9DF712ACEA46200896CC3 /* AccountSummaryHeaderView.swift */ = {isa = PBXFileReference; lastKnownFileType = sourcecode.swift; path = AccountSummaryHeaderView.swift; sourceTree = "<group>"; };
		B5B9DF732ACEA4C900896CC3 /* AccountSummaryHeaderView.xib */ = {isa = PBXFileReference; lastKnownFileType = file.xib; path = AccountSummaryHeaderView.xib; sourceTree = "<group>"; };
/* End PBXFileReference section */

/* Begin PBXFrameworksBuildPhase section */
		B57CCEE82ACFF21E00BEC68C /* Frameworks */ = {
			isa = PBXFrameworksBuildPhase;
			buildActionMask = 2147483647;
			files = (
			);
			runOnlyForDeploymentPostprocessing = 0;
		};
		B58102322AC29D900048F27A /* Frameworks */ = {
			isa = PBXFrameworksBuildPhase;
			buildActionMask = 2147483647;
			files = (
			);
			runOnlyForDeploymentPostprocessing = 0;
		};
/* End PBXFrameworksBuildPhase section */

/* Begin PBXGroup section */
		B56D3D8A2ACD199200BA04CF /* TabBarItem */ = {
			isa = PBXGroup;
			children = (
				B56D3D8D2ACD19C800BA04CF /* MoveMoneyViewController.swift */,
				B56D3D8F2ACD19D300BA04CF /* MoreViewController.swift */,
			);
			path = TabBarItem;
			sourceTree = "<group>";
		};
		B57CCEDF2ACF0B1F00BEC68C /* Header */ = {
			isa = PBXGroup;
			children = (
				B5B9DF712ACEA46200896CC3 /* AccountSummaryHeaderView.swift */,
				B5B9DF732ACEA4C900896CC3 /* AccountSummaryHeaderView.xib */,
			);
			path = Header;
			sourceTree = "<group>";
		};
		B57CCEE02ACF0B3F00BEC68C /* Cells */ = {
			isa = PBXGroup;
			children = (
				B57CCEE12ACF0B7100BEC68C /* AccountSummaryCell.swift */,
			);
			path = Cells;
			sourceTree = "<group>";
		};
		B57CCEEC2ACFF21E00BEC68C /* BankeyUnitTests */ = {
			isa = PBXGroup;
			children = (
				B57CCEF42ACFF48700BEC68C /* CurrencyFormatterTest.swift */,
			);
			path = BankeyUnitTests;
			sourceTree = "<group>";
		};
		B581022C2AC29D900048F27A = {
			isa = PBXGroup;
			children = (
				B58102372AC29D900048F27A /* Bankey */,
				B57CCEEC2ACFF21E00BEC68C /* BankeyUnitTests */,
				B58102362AC29D900048F27A /* Products */,
			);
			sourceTree = "<group>";
		};
		B58102362AC29D900048F27A /* Products */ = {
			isa = PBXGroup;
			children = (
				B58102352AC29D900048F27A /* Bankey.app */,
				B57CCEEB2ACFF21E00BEC68C /* BankeyUnitTests.xctest */,
			);
			name = Products;
			sourceTree = "<group>";
		};
		B58102372AC29D900048F27A /* Bankey */ = {
			isa = PBXGroup;
			children = (
				B58102382AC29D900048F27A /* AppDelegate.swift */,
				B581023A2AC29D900048F27A /* SceneDelegate.swift */,
				B56D3D882ACD18BC00BA04CF /* MainViewController.swift */,
				B581024D2AC2B7020048F27A /* Login */,
				B58102502AC3DCAD0048F27A /* OnBoarding */,
				B5B9DF702ACEA0DA00896CC3 /* AccountSummary */,
				B58102602ACBE8C20048F27A /* Utils */,
				B581024C2AC2B6860048F27A /* Files */,
				B56D3D8A2ACD199200BA04CF /* TabBarItem */,
			);
			path = Bankey;
			sourceTree = "<group>";
		};
		B581024C2AC2B6860048F27A /* Files */ = {
			isa = PBXGroup;
			children = (
				B58102412AC29D920048F27A /* Assets.xcassets */,
				B58102432AC29D920048F27A /* LaunchScreen.storyboard */,
				B58102462AC29D920048F27A /* Info.plist */,
			);
			name = Files;
			sourceTree = "<group>";
		};
		B581024D2AC2B7020048F27A /* Login */ = {
			isa = PBXGroup;
			children = (
				B581023C2AC29D900048F27A /* LoginViewController.swift */,
				B581024E2AC2B7380048F27A /* LoginView.swift */,
				B581025E2ACBCCC50048F27A /* DummyViewController.swift */,
			);
			path = Login;
			sourceTree = "<group>";
		};
		B58102502AC3DCAD0048F27A /* OnBoarding */ = {
			isa = PBXGroup;
			children = (
				B58102512AC3DCCC0048F27A /* OnBoardingContainerViewController.swift */,
				B58102532AC40C7F0048F27A /* OnBoardingViewController.swift */,
			);
			name = OnBoarding;
			sourceTree = "<group>";
		};
		B58102602ACBE8C20048F27A /* Utils */ = {
			isa = PBXGroup;
			children = (
				B58102612ACBE8D10048F27A /* LocalState.swift */,
				B56D3D862ACD16EE00BA04CF /* UIViewController+Utils.swift */,
				B57CCEE32ACFC17A00BEC68C /* DecimalUtils.swift */,
				B57CCEE52ACFC26100BEC68C /* CurrentFormatter.swift */,
			);
			path = Utils;
			sourceTree = "<group>";
		};
		B5B9DF702ACEA0DA00896CC3 /* AccountSummary */ = {
			isa = PBXGroup;
			children = (
				B56D3D8B2ACD19BA00BA04CF /* AccountSummaryViewController.swift */,
				B57CCEDF2ACF0B1F00BEC68C /* Header */,
				B57CCEE02ACF0B3F00BEC68C /* Cells */,
			);
			path = AccountSummary;
			sourceTree = "<group>";
		};
/* End PBXGroup section */

/* Begin PBXNativeTarget section */
		B57CCEEA2ACFF21E00BEC68C /* BankeyUnitTests */ = {
			isa = PBXNativeTarget;
			buildConfigurationList = B57CCEF12ACFF21E00BEC68C /* Build configuration list for PBXNativeTarget "BankeyUnitTests" */;
			buildPhases = (
				B57CCEE72ACFF21E00BEC68C /* Sources */,
				B57CCEE82ACFF21E00BEC68C /* Frameworks */,
				B57CCEE92ACFF21E00BEC68C /* Resources */,
			);
			buildRules = (
			);
			dependencies = (
				B57CCEF02ACFF21E00BEC68C /* PBXTargetDependency */,
			);
			name = BankeyUnitTests;
			productName = BankeyUnitTests;
			productReference = B57CCEEB2ACFF21E00BEC68C /* BankeyUnitTests.xctest */;
			productType = "com.apple.product-type.bundle.unit-test";
		};
		B58102342AC29D900048F27A /* Bankey */ = {
			isa = PBXNativeTarget;
			buildConfigurationList = B58102492AC29D920048F27A /* Build configuration list for PBXNativeTarget "Bankey" */;
			buildPhases = (
				B58102312AC29D900048F27A /* Sources */,
				B58102322AC29D900048F27A /* Frameworks */,
				B58102332AC29D900048F27A /* Resources */,
			);
			buildRules = (
			);
			dependencies = (
			);
			name = Bankey;
			productName = Bankey;
			productReference = B58102352AC29D900048F27A /* Bankey.app */;
			productType = "com.apple.product-type.application";
		};
/* End PBXNativeTarget section */

/* Begin PBXProject section */
		B581022D2AC29D900048F27A /* Project object */ = {
			isa = PBXProject;
			attributes = {
				BuildIndependentTargetsInParallel = 1;
				LastSwiftUpdateCheck = 1430;
				LastUpgradeCheck = 1430;
				TargetAttributes = {
					B57CCEEA2ACFF21E00BEC68C = {
						CreatedOnToolsVersion = 14.3.1;
						LastSwiftMigration = 1430;
						TestTargetID = B58102342AC29D900048F27A;
					};
					B58102342AC29D900048F27A = {
						CreatedOnToolsVersion = 14.3.1;
					};
				};
			};
			buildConfigurationList = B58102302AC29D900048F27A /* Build configuration list for PBXProject "Bankey" */;
			compatibilityVersion = "Xcode 14.0";
			developmentRegion = en;
			hasScannedForEncodings = 0;
			knownRegions = (
				en,
				Base,
			);
			mainGroup = B581022C2AC29D900048F27A;
			productRefGroup = B58102362AC29D900048F27A /* Products */;
			projectDirPath = "";
			projectRoot = "";
			targets = (
				B58102342AC29D900048F27A /* Bankey */,
				B57CCEEA2ACFF21E00BEC68C /* BankeyUnitTests */,
			);
		};
/* End PBXProject section */

/* Begin PBXResourcesBuildPhase section */
		B57CCEE92ACFF21E00BEC68C /* Resources */ = {
			isa = PBXResourcesBuildPhase;
			buildActionMask = 2147483647;
			files = (
			);
			runOnlyForDeploymentPostprocessing = 0;
		};
		B58102332AC29D900048F27A /* Resources */ = {
			isa = PBXResourcesBuildPhase;
			buildActionMask = 2147483647;
			files = (
				B5B9DF742ACEA4C900896CC3 /* AccountSummaryHeaderView.xib in Resources */,
				B58102452AC29D920048F27A /* LaunchScreen.storyboard in Resources */,
				B58102422AC29D920048F27A /* Assets.xcassets in Resources */,
			);
			runOnlyForDeploymentPostprocessing = 0;
		};
/* End PBXResourcesBuildPhase section */

/* Begin PBXSourcesBuildPhase section */
		B57CCEE72ACFF21E00BEC68C /* Sources */ = {
			isa = PBXSourcesBuildPhase;
			buildActionMask = 2147483647;
			files = (
				B57CCEF52ACFF48700BEC68C /* CurrencyFormatterTest.swift in Sources */,
			);
			runOnlyForDeploymentPostprocessing = 0;
		};
		B58102312AC29D900048F27A /* Sources */ = {
			isa = PBXSourcesBuildPhase;
			buildActionMask = 2147483647;
			files = (
				B581025F2ACBCCC50048F27A /* DummyViewController.swift in Sources */,
				B56D3D902ACD19D300BA04CF /* MoreViewController.swift in Sources */,
				B581023D2AC29D900048F27A /* LoginViewController.swift in Sources */,
				B56D3D872ACD16EE00BA04CF /* UIViewController+Utils.swift in Sources */,
				B58102392AC29D900048F27A /* AppDelegate.swift in Sources */,
				B57CCEE42ACFC17A00BEC68C /* DecimalUtils.swift in Sources */,
				B58102522AC3DCCC0048F27A /* OnBoardingContainerViewController.swift in Sources */,
				B57CCEE22ACF0B7100BEC68C /* AccountSummaryCell.swift in Sources */,
				B58102542AC40C7F0048F27A /* OnBoardingViewController.swift in Sources */,
				B581024F2AC2B7380048F27A /* LoginView.swift in Sources */,
				B57CCEE62ACFC26100BEC68C /* CurrentFormatter.swift in Sources */,
				B581023B2AC29D900048F27A /* SceneDelegate.swift in Sources */,
				B56D3D8C2ACD19BA00BA04CF /* AccountSummaryViewController.swift in Sources */,
				B5B9DF722ACEA46200896CC3 /* AccountSummaryHeaderView.swift in Sources */,
				B58102622ACBE8D10048F27A /* LocalState.swift in Sources */,
				B56D3D8E2ACD19C800BA04CF /* MoveMoneyViewController.swift in Sources */,
				B56D3D892ACD18BC00BA04CF /* MainViewController.swift in Sources */,
			);
			runOnlyForDeploymentPostprocessing = 0;
		};
/* End PBXSourcesBuildPhase section */

/* Begin PBXTargetDependency section */
		B57CCEF02ACFF21E00BEC68C /* PBXTargetDependency */ = {
			isa = PBXTargetDependency;
			target = B58102342AC29D900048F27A /* Bankey */;
			targetProxy = B57CCEEF2ACFF21E00BEC68C /* PBXContainerItemProxy */;
		};
/* End PBXTargetDependency section */

/* Begin PBXVariantGroup section */
		B58102432AC29D920048F27A /* LaunchScreen.storyboard */ = {
			isa = PBXVariantGroup;
			children = (
				B58102442AC29D920048F27A /* Base */,
			);
			name = LaunchScreen.storyboard;
			sourceTree = "<group>";
		};
/* End PBXVariantGroup section */

/* Begin XCBuildConfiguration section */
		B57CCEF22ACFF21E00BEC68C /* Debug */ = {
			isa = XCBuildConfiguration;
			buildSettings = {
				BUNDLE_LOADER = "$(TEST_HOST)";
				CLANG_ENABLE_MODULES = YES;
				CODE_SIGN_STYLE = Automatic;
				CURRENT_PROJECT_VERSION = 1;
				DEVELOPMENT_TEAM = UC9B6T5FMX;
				GENERATE_INFOPLIST_FILE = YES;
				IPHONEOS_DEPLOYMENT_TARGET = 16.4;
				MARKETING_VERSION = 1.0;
				PRODUCT_BUNDLE_IDENTIFIER = id.rama.BankeyUnitTests;
				PRODUCT_NAME = "$(TARGET_NAME)";
				SWIFT_EMIT_LOC_STRINGS = NO;
				SWIFT_OPTIMIZATION_LEVEL = "-Onone";
				SWIFT_VERSION = 5.0;
				TARGETED_DEVICE_FAMILY = "1,2";
				TEST_HOST = "$(BUILT_PRODUCTS_DIR)/Bankey.app/$(BUNDLE_EXECUTABLE_FOLDER_PATH)/Bankey";
			};
			name = Debug;
		};
		B57CCEF32ACFF21E00BEC68C /* Release */ = {
			isa = XCBuildConfiguration;
			buildSettings = {
				BUNDLE_LOADER = "$(TEST_HOST)";
				CLANG_ENABLE_MODULES = YES;
				CODE_SIGN_STYLE = Automatic;
				CURRENT_PROJECT_VERSION = 1;
				DEVELOPMENT_TEAM = UC9B6T5FMX;
				GENERATE_INFOPLIST_FILE = YES;
				IPHONEOS_DEPLOYMENT_TARGET = 16.4;
				MARKETING_VERSION = 1.0;
				PRODUCT_BUNDLE_IDENTIFIER = id.rama.BankeyUnitTests;
				PRODUCT_NAME = "$(TARGET_NAME)";
				SWIFT_EMIT_LOC_STRINGS = NO;
				SWIFT_VERSION = 5.0;
				TARGETED_DEVICE_FAMILY = "1,2";
				TEST_HOST = "$(BUILT_PRODUCTS_DIR)/Bankey.app/$(BUNDLE_EXECUTABLE_FOLDER_PATH)/Bankey";
			};
			name = Release;
		};
		B58102472AC29D920048F27A /* Debug */ = {
			isa = XCBuildConfiguration;
			buildSettings = {
				ALWAYS_SEARCH_USER_PATHS = NO;
				CLANG_ANALYZER_NONNULL = YES;
				CLANG_ANALYZER_NUMBER_OBJECT_CONVERSION = YES_AGGRESSIVE;
				CLANG_CXX_LANGUAGE_STANDARD = "gnu++20";
				CLANG_ENABLE_MODULES = YES;
				CLANG_ENABLE_OBJC_ARC = YES;
				CLANG_ENABLE_OBJC_WEAK = YES;
				CLANG_WARN_BLOCK_CAPTURE_AUTORELEASING = YES;
				CLANG_WARN_BOOL_CONVERSION = YES;
				CLANG_WARN_COMMA = YES;
				CLANG_WARN_CONSTANT_CONVERSION = YES;
				CLANG_WARN_DEPRECATED_OBJC_IMPLEMENTATIONS = YES;
				CLANG_WARN_DIRECT_OBJC_ISA_USAGE = YES_ERROR;
				CLANG_WARN_DOCUMENTATION_COMMENTS = YES;
				CLANG_WARN_EMPTY_BODY = YES;
				CLANG_WARN_ENUM_CONVERSION = YES;
				CLANG_WARN_INFINITE_RECURSION = YES;
				CLANG_WARN_INT_CONVERSION = YES;
				CLANG_WARN_NON_LITERAL_NULL_CONVERSION = YES;
				CLANG_WARN_OBJC_IMPLICIT_RETAIN_SELF = YES;
				CLANG_WARN_OBJC_LITERAL_CONVERSION = YES;
				CLANG_WARN_OBJC_ROOT_CLASS = YES_ERROR;
				CLANG_WARN_QUOTED_INCLUDE_IN_FRAMEWORK_HEADER = YES;
				CLANG_WARN_RANGE_LOOP_ANALYSIS = YES;
				CLANG_WARN_STRICT_PROTOTYPES = YES;
				CLANG_WARN_SUSPICIOUS_MOVE = YES;
				CLANG_WARN_UNGUARDED_AVAILABILITY = YES_AGGRESSIVE;
				CLANG_WARN_UNREACHABLE_CODE = YES;
				CLANG_WARN__DUPLICATE_METHOD_MATCH = YES;
				COPY_PHASE_STRIP = NO;
				DEBUG_INFORMATION_FORMAT = dwarf;
				ENABLE_STRICT_OBJC_MSGSEND = YES;
				ENABLE_TESTABILITY = YES;
				GCC_C_LANGUAGE_STANDARD = gnu11;
				GCC_DYNAMIC_NO_PIC = NO;
				GCC_NO_COMMON_BLOCKS = YES;
				GCC_OPTIMIZATION_LEVEL = 0;
				GCC_PREPROCESSOR_DEFINITIONS = (
					"DEBUG=1",
					"$(inherited)",
				);
				GCC_WARN_64_TO_32_BIT_CONVERSION = YES;
				GCC_WARN_ABOUT_RETURN_TYPE = YES_ERROR;
				GCC_WARN_UNDECLARED_SELECTOR = YES;
				GCC_WARN_UNINITIALIZED_AUTOS = YES_AGGRESSIVE;
				GCC_WARN_UNUSED_FUNCTION = YES;
				GCC_WARN_UNUSED_VARIABLE = YES;
				IPHONEOS_DEPLOYMENT_TARGET = 11.0;
				MTL_ENABLE_DEBUG_INFO = INCLUDE_SOURCE;
				MTL_FAST_MATH = YES;
				ONLY_ACTIVE_ARCH = YES;
				SDKROOT = iphoneos;
				SWIFT_ACTIVE_COMPILATION_CONDITIONS = DEBUG;
				SWIFT_OPTIMIZATION_LEVEL = "-Onone";
			};
			name = Debug;
		};
		B58102482AC29D920048F27A /* Release */ = {
			isa = XCBuildConfiguration;
			buildSettings = {
				ALWAYS_SEARCH_USER_PATHS = NO;
				CLANG_ANALYZER_NONNULL = YES;
				CLANG_ANALYZER_NUMBER_OBJECT_CONVERSION = YES_AGGRESSIVE;
				CLANG_CXX_LANGUAGE_STANDARD = "gnu++20";
				CLANG_ENABLE_MODULES = YES;
				CLANG_ENABLE_OBJC_ARC = YES;
				CLANG_ENABLE_OBJC_WEAK = YES;
				CLANG_WARN_BLOCK_CAPTURE_AUTORELEASING = YES;
				CLANG_WARN_BOOL_CONVERSION = YES;
				CLANG_WARN_COMMA = YES;
				CLANG_WARN_CONSTANT_CONVERSION = YES;
				CLANG_WARN_DEPRECATED_OBJC_IMPLEMENTATIONS = YES;
				CLANG_WARN_DIRECT_OBJC_ISA_USAGE = YES_ERROR;
				CLANG_WARN_DOCUMENTATION_COMMENTS = YES;
				CLANG_WARN_EMPTY_BODY = YES;
				CLANG_WARN_ENUM_CONVERSION = YES;
				CLANG_WARN_INFINITE_RECURSION = YES;
				CLANG_WARN_INT_CONVERSION = YES;
				CLANG_WARN_NON_LITERAL_NULL_CONVERSION = YES;
				CLANG_WARN_OBJC_IMPLICIT_RETAIN_SELF = YES;
				CLANG_WARN_OBJC_LITERAL_CONVERSION = YES;
				CLANG_WARN_OBJC_ROOT_CLASS = YES_ERROR;
				CLANG_WARN_QUOTED_INCLUDE_IN_FRAMEWORK_HEADER = YES;
				CLANG_WARN_RANGE_LOOP_ANALYSIS = YES;
				CLANG_WARN_STRICT_PROTOTYPES = YES;
				CLANG_WARN_SUSPICIOUS_MOVE = YES;
				CLANG_WARN_UNGUARDED_AVAILABILITY = YES_AGGRESSIVE;
				CLANG_WARN_UNREACHABLE_CODE = YES;
				CLANG_WARN__DUPLICATE_METHOD_MATCH = YES;
				COPY_PHASE_STRIP = NO;
				DEBUG_INFORMATION_FORMAT = "dwarf-with-dsym";
				ENABLE_NS_ASSERTIONS = NO;
				ENABLE_STRICT_OBJC_MSGSEND = YES;
				GCC_C_LANGUAGE_STANDARD = gnu11;
				GCC_NO_COMMON_BLOCKS = YES;
				GCC_WARN_64_TO_32_BIT_CONVERSION = YES;
				GCC_WARN_ABOUT_RETURN_TYPE = YES_ERROR;
				GCC_WARN_UNDECLARED_SELECTOR = YES;
				GCC_WARN_UNINITIALIZED_AUTOS = YES_AGGRESSIVE;
				GCC_WARN_UNUSED_FUNCTION = YES;
				GCC_WARN_UNUSED_VARIABLE = YES;
				IPHONEOS_DEPLOYMENT_TARGET = 11.0;
				MTL_ENABLE_DEBUG_INFO = NO;
				MTL_FAST_MATH = YES;
				SDKROOT = iphoneos;
				SWIFT_COMPILATION_MODE = wholemodule;
				SWIFT_OPTIMIZATION_LEVEL = "-O";
				VALIDATE_PRODUCT = YES;
			};
			name = Release;
		};
		B581024A2AC29D920048F27A /* Debug */ = {
			isa = XCBuildConfiguration;
			buildSettings = {
				ASSETCATALOG_COMPILER_APPICON_NAME = AppIcon;
				ASSETCATALOG_COMPILER_GLOBAL_ACCENT_COLOR_NAME = AccentColor;
				CODE_SIGN_IDENTITY = "Apple Development";
				CODE_SIGN_STYLE = Automatic;
				CURRENT_PROJECT_VERSION = 1;
				DEVELOPMENT_TEAM = UC9B6T5FMX;
				GENERATE_INFOPLIST_FILE = YES;
				INFOPLIST_FILE = Bankey/Info.plist;
				INFOPLIST_KEY_UIApplicationSupportsIndirectInputEvents = YES;
				INFOPLIST_KEY_UILaunchStoryboardName = LaunchScreen;
				INFOPLIST_KEY_UISupportedInterfaceOrientations_iPad = "UIInterfaceOrientationPortrait UIInterfaceOrientationPortraitUpsideDown UIInterfaceOrientationLandscapeLeft UIInterfaceOrientationLandscapeRight";
				INFOPLIST_KEY_UISupportedInterfaceOrientations_iPhone = "UIInterfaceOrientationPortrait UIInterfaceOrientationLandscapeLeft UIInterfaceOrientationLandscapeRight";
				IPHONEOS_DEPLOYMENT_TARGET = 16.0;
				LD_RUNPATH_SEARCH_PATHS = (
					"$(inherited)",
					"@executable_path/Frameworks",
				);
				MARKETING_VERSION = 1.0;
				PRODUCT_BUNDLE_IDENTIFIER = id.rama.Bankey;
				PRODUCT_NAME = "$(TARGET_NAME)";
				PROVISIONING_PROFILE_SPECIFIER = "";
				SWIFT_EMIT_LOC_STRINGS = YES;
				SWIFT_VERSION = 5.0;
				TARGETED_DEVICE_FAMILY = "1,2";
			};
			name = Debug;
		};
		B581024B2AC29D920048F27A /* Release */ = {
			isa = XCBuildConfiguration;
			buildSettings = {
				ASSETCATALOG_COMPILER_APPICON_NAME = AppIcon;
				ASSETCATALOG_COMPILER_GLOBAL_ACCENT_COLOR_NAME = AccentColor;
				CODE_SIGN_IDENTITY = "Apple Development";
				CODE_SIGN_STYLE = Automatic;
				CURRENT_PROJECT_VERSION = 1;
				DEVELOPMENT_TEAM = UC9B6T5FMX;
				GENERATE_INFOPLIST_FILE = YES;
				INFOPLIST_FILE = Bankey/Info.plist;
				INFOPLIST_KEY_UIApplicationSupportsIndirectInputEvents = YES;
				INFOPLIST_KEY_UILaunchStoryboardName = LaunchScreen;
				INFOPLIST_KEY_UISupportedInterfaceOrientations_iPad = "UIInterfaceOrientationPortrait UIInterfaceOrientationPortraitUpsideDown UIInterfaceOrientationLandscapeLeft UIInterfaceOrientationLandscapeRight";
				INFOPLIST_KEY_UISupportedInterfaceOrientations_iPhone = "UIInterfaceOrientationPortrait UIInterfaceOrientationLandscapeLeft UIInterfaceOrientationLandscapeRight";
				IPHONEOS_DEPLOYMENT_TARGET = 16.0;
				LD_RUNPATH_SEARCH_PATHS = (
					"$(inherited)",
					"@executable_path/Frameworks",
				);
				MARKETING_VERSION = 1.0;
				PRODUCT_BUNDLE_IDENTIFIER = id.rama.Bankey;
				PRODUCT_NAME = "$(TARGET_NAME)";
				PROVISIONING_PROFILE_SPECIFIER = "";
				SWIFT_EMIT_LOC_STRINGS = YES;
				SWIFT_VERSION = 5.0;
				TARGETED_DEVICE_FAMILY = "1,2";
			};
			name = Release;
		};
/* End XCBuildConfiguration section */

/* Begin XCConfigurationList section */
		B57CCEF12ACFF21E00BEC68C /* Build configuration list for PBXNativeTarget "BankeyUnitTests" */ = {
			isa = XCConfigurationList;
			buildConfigurations = (
				B57CCEF22ACFF21E00BEC68C /* Debug */,
				B57CCEF32ACFF21E00BEC68C /* Release */,
			);
			defaultConfigurationIsVisible = 0;
			defaultConfigurationName = Release;
		};
		B58102302AC29D900048F27A /* Build configuration list for PBXProject "Bankey" */ = {
			isa = XCConfigurationList;
			buildConfigurations = (
				B58102472AC29D920048F27A /* Debug */,
				B58102482AC29D920048F27A /* Release */,
			);
			defaultConfigurationIsVisible = 0;
			defaultConfigurationName = Release;
		};
		B58102492AC29D920048F27A /* Build configuration list for PBXNativeTarget "Bankey" */ = {
			isa = XCConfigurationList;
			buildConfigurations = (
				B581024A2AC29D920048F27A /* Debug */,
				B581024B2AC29D920048F27A /* Release */,
			);
			defaultConfigurationIsVisible = 0;
			defaultConfigurationName = Release;
		};
/* End XCConfigurationList section */
	};
	rootObject = B581022D2AC29D900048F27A /* Project object */;
}
